
Microsoft Visual Studio Solution File, Format Version 12.00
# Visual Studio 15
VisualStudioVersion = 15.0.26124.0
MinimumVisualStudioVersion = 15.0.26124.0
Project("{FAE04EC0-301F-11D3-BF4B-00C04F79EFBC}") = "API", "API\API.csproj", "{2217A0E9-AE94-4730-81F3-20C8FB727178}"
EndProject
Project("{FAE04EC0-301F-11D3-BF4B-00C04F79EFBC}") = "Core", "Core\Core.csproj", "{96DB6682-7ED9-45EC-A6C1-298B32EF029F}"
EndProject
Project("{FAE04EC0-301F-11D3-BF4B-00C04F79EFBC}") = "Infrastructure", "Infrastructure\Infrastructure.csproj", "{BF67B34F-6BC9-4ADE-9D17-FCAF2D71EA43}"
EndProject
Global
	GlobalSection(SolutionConfigurationPlatforms) = preSolution
		Debug|Any CPU = Debug|Any CPU
		Debug|x64 = Debug|x64
		Debug|x86 = Debug|x86
		Release|Any CPU = Release|Any CPU
		Release|x64 = Release|x64
		Release|x86 = Release|x86
	EndGlobalSection
	GlobalSection(SolutionProperties) = preSolution
		HideSolutionNode = FALSE
	EndGlobalSection
	GlobalSection(ProjectConfigurationPlatforms) = postSolution
		{2217A0E9-AE94-4730-81F3-20C8FB727178}.Debug|Any CPU.ActiveCfg = Debug|Any CPU
		{2217A0E9-AE94-4730-81F3-20C8FB727178}.Debug|Any CPU.Build.0 = Debug|Any CPU
		{2217A0E9-AE94-4730-81F3-20C8FB727178}.Debug|x64.ActiveCfg = Debug|Any CPU
		{2217A0E9-AE94-4730-81F3-20C8FB727178}.Debug|x64.Build.0 = Debug|Any CPU
		{2217A0E9-AE94-4730-81F3-20C8FB727178}.Debug|x86.ActiveCfg = Debug|Any CPU
		{2217A0E9-AE94-4730-81F3-20C8FB727178}.Debug|x86.Build.0 = Debug|Any CPU
		{2217A0E9-AE94-4730-81F3-20C8FB727178}.Release|Any CPU.ActiveCfg = Release|Any CPU
		{2217A0E9-AE94-4730-81F3-20C8FB727178}.Release|Any CPU.Build.0 = Release|Any CPU
		{2217A0E9-AE94-4730-81F3-20C8FB727178}.Release|x64.ActiveCfg = Release|Any CPU
		{2217A0E9-AE94-4730-81F3-20C8FB727178}.Release|x64.Build.0 = Release|Any CPU
		{2217A0E9-AE94-4730-81F3-20C8FB727178}.Release|x86.ActiveCfg = Release|Any CPU
		{2217A0E9-AE94-4730-81F3-20C8FB727178}.Release|x86.Build.0 = Release|Any CPU
		{96DB6682-7ED9-45EC-A6C1-298B32EF029F}.Debug|Any CPU.ActiveCfg = Debug|Any CPU
		{96DB6682-7ED9-45EC-A6C1-298B32EF029F}.Debug|Any CPU.Build.0 = Debug|Any CPU
		{96DB6682-7ED9-45EC-A6C1-298B32EF029F}.Debug|x64.ActiveCfg = Debug|Any CPU
		{96DB6682-7ED9-45EC-A6C1-298B32EF029F}.Debug|x64.Build.0 = Debug|Any CPU
		{96DB6682-7ED9-45EC-A6C1-298B32EF029F}.Debug|x86.ActiveCfg = Debug|Any CPU
		{96DB6682-7ED9-45EC-A6C1-298B32EF029F}.Debug|x86.Build.0 = Debug|Any CPU
		{96DB6682-7ED9-45EC-A6C1-298B32EF029F}.Release|Any CPU.ActiveCfg = Release|Any CPU
		{96DB6682-7ED9-45EC-A6C1-298B32EF029F}.Release|Any CPU.Build.0 = Release|Any CPU
		{96DB6682-7ED9-45EC-A6C1-298B32EF029F}.Release|x64.ActiveCfg = Release|Any CPU
		{96DB6682-7ED9-45EC-A6C1-298B32EF029F}.Release|x64.Build.0 = Release|Any CPU
		{96DB6682-7ED9-45EC-A6C1-298B32EF029F}.Release|x86.ActiveCfg = Release|Any CPU
		{96DB6682-7ED9-45EC-A6C1-298B32EF029F}.Release|x86.Build.0 = Release|Any CPU
		{BF67B34F-6BC9-4ADE-9D17-FCAF2D71EA43}.Debug|Any CPU.ActiveCfg = Debug|Any CPU
		{BF67B34F-6BC9-4ADE-9D17-FCAF2D71EA43}.Debug|Any CPU.Build.0 = Debug|Any CPU
		{BF67B34F-6BC9-4ADE-9D17-FCAF2D71EA43}.Debug|x64.ActiveCfg = Debug|Any CPU
		{BF67B34F-6BC9-4ADE-9D17-FCAF2D71EA43}.Debug|x64.Build.0 = Debug|Any CPU
		{BF67B34F-6BC9-4ADE-9D17-FCAF2D71EA43}.Debug|x86.ActiveCfg = Debug|Any CPU
		{BF67B34F-6BC9-4ADE-9D17-FCAF2D71EA43}.Debug|x86.Build.0 = Debug|Any CPU
		{BF67B34F-6BC9-4ADE-9D17-FCAF2D71EA43}.Release|Any CPU.ActiveCfg = Release|Any CPU
		{BF67B34F-6BC9-4ADE-9D17-FCAF2D71EA43}.Release|Any CPU.Build.0 = Release|Any CPU
		{BF67B34F-6BC9-4ADE-9D17-FCAF2D71EA43}.Release|x64.ActiveCfg = Release|Any CPU
		{BF67B34F-6BC9-4ADE-9D17-FCAF2D71EA43}.Release|x64.Build.0 = Release|Any CPU
		{BF67B34F-6BC9-4ADE-9D17-FCAF2D71EA43}.Release|x86.ActiveCfg = Release|Any CPU
		{BF67B34F-6BC9-4ADE-9D17-FCAF2D71EA43}.Release|x86.Build.0 = Release|Any CPU
	EndGlobalSection
EndGlobal
